
Microsoft Visual Studio Solution File, Format Version 12.00
# Visual Studio Version 17
VisualStudioVersion = 17.5.002.0
MinimumVisualStudioVersion = 10.0.40219.1
Project("{9A19103F-16F7-4668-BE54-9A1E7A4F7556}") = "NXOpenCAE", "NXOpenCAE.csproj", "{EC5C4A49-3AF7-4329-A694-911CEC192482}"
EndProject
Global
	GlobalSection(SolutionConfigurationPlatforms) = preSolution
		Debug|Any CPU = Debug|Any CPU
		Release|Any CPU = Release|Any CPU
	EndGlobalSection
	GlobalSection(ProjectConfigurationPlatforms) = postSolution
		{EC5C4A49-3AF7-4329-A694-911CEC192482}.Debug|Any CPU.ActiveCfg = Debug|Any CPU
		{EC5C4A49-3AF7-4329-A694-911CEC192482}.Debug|Any CPU.Build.0 = Debug|Any CPU
		{EC5C4A49-3AF7-4329-A694-911CEC192482}.Release|Any CPU.ActiveCfg = Release|Any CPU
		{EC5C4A49-3AF7-4329-A694-911CEC192482}.Release|Any CPU.Build.0 = Release|Any CPU
	EndGlobalSection
	GlobalSection(SolutionProperties) = preSolution
		HideSolutionNode = FALSE
	EndGlobalSection
	GlobalSection(ExtensibilityGlobals) = postSolution
		SolutionGuid = {06723049-FBC5-457C-8FCF-A202EED39CE6}
	EndGlobalSection
EndGlobal
